
Microsoft Visual Studio Solution File, Format Version 12.00
# Visual Studio Version 16
VisualStudioVersion = 16.0.28803.916
MinimumVisualStudioVersion = 10.0.40219.1
Project("{FAE04EC0-301F-11D3-BF4B-00C04F79EFBC}") = "PClasses", "PClasses\PClasses.csproj", "{89EB86DB-3A09-4FCD-8EF4-C0056873F288}"
EndProject
Global
	GlobalSection(SolutionConfigurationPlatforms) = preSolution
		Debug|Any CPU = Debug|Any CPU
		Release|Any CPU = Release|Any CPU
	EndGlobalSection
	GlobalSection(ProjectConfigurationPlatforms) = postSolution
		{89EB86DB-3A09-4FCD-8EF4-C0056873F288}.Debug|Any CPU.ActiveCfg = Debug|Any CPU
		{89EB86DB-3A09-4FCD-8EF4-C0056873F288}.Debug|Any CPU.Build.0 = Debug|Any CPU
		{89EB86DB-3A09-4FCD-8EF4-C0056873F288}.Release|Any CPU.ActiveCfg = Release|Any CPU
		{89EB86DB-3A09-4FCD-8EF4-C0056873F288}.Release|Any CPU.Build.0 = Release|Any CPU
	EndGlobalSection
	GlobalSection(SolutionProperties) = preSolution
		HideSolutionNode = FALSE
	EndGlobalSection
	GlobalSection(ExtensibilityGlobals) = postSolution
		SolutionGuid = {6D1FBA7A-A511-4228-8F77-A2797AD7392B}
	EndGlobalSection
EndGlobal
